
Microsoft Visual Studio Solution File, Format Version 12.00
Project("{FAE04EC0-301F-11D3-BF4B-00C04F79EFBC}") = "UniDubnaSchedule.Backend", "UniDubnaSchedule.Backend\UniDubnaSchedule.Backend.csproj", "{05F7A498-2E93-4E16-B2B4-6DCB4022DD98}"
EndProject
Project("{2150E333-8FDC-42A3-9474-1A3956D46DE8}") = "WebApi", "WebApi", "{33B39EA0-D6EE-4B7D-8D66-082561F91FD8}"
EndProject
Project("{2150E333-8FDC-42A3-9474-1A3956D46DE8}") = "Domain", "Domain", "{938D2D2C-8CE9-46C2-8D1F-6563E622FA1D}"
EndProject
Project("{2150E333-8FDC-42A3-9474-1A3956D46DE8}") = "DAL", "DAL", "{21EC4F66-7E21-43E9-A19E-79FFBE98AF91}"
EndProject
Project("{2150E333-8FDC-42A3-9474-1A3956D46DE8}") = "Services", "Services", "{9F6F0D74-55D8-4509-AFDA-7C142D532D83}"
EndProject
Project("{FAE04EC0-301F-11D3-BF4B-00C04F79EFBC}") = "UniDubnaSchedule.Domain", "UniDubnaSchedule.Domain\UniDubnaSchedule.Domain.csproj", "{C422A5AC-BE9F-49A8-A8FD-1279F90135EE}"
EndProject
Project("{FAE04EC0-301F-11D3-BF4B-00C04F79EFBC}") = "UniDubnaSchedule.DAL", "UniDubnaSchedule.DAL\UniDubnaSchedule.DAL.csproj", "{19AA90A2-3997-46B7-82A7-86C6E80FB67B}"
EndProject
Project("{FAE04EC0-301F-11D3-BF4B-00C04F79EFBC}") = "UniDubnaSchedule.Services", "UniDubnaSchedule.Services\UniDubnaSchedule.Services.csproj", "{35602175-F12E-4D78-ABFE-653289988473}"
EndProject
Project("{2150E333-8FDC-42A3-9474-1A3956D46DE8}") = "Tests", "Tests", "{3C1B72CC-A60D-43F6-8ADB-0DCEE5E64ACA}"
EndProject
Global
	GlobalSection(SolutionConfigurationPlatforms) = preSolution
		Debug|Any CPU = Debug|Any CPU
		Release|Any CPU = Release|Any CPU
	EndGlobalSection
	GlobalSection(ProjectConfigurationPlatforms) = postSolution
		{05F7A498-2E93-4E16-B2B4-6DCB4022DD98}.Debug|Any CPU.ActiveCfg = Debug|Any CPU
		{05F7A498-2E93-4E16-B2B4-6DCB4022DD98}.Debug|Any CPU.Build.0 = Debug|Any CPU
		{05F7A498-2E93-4E16-B2B4-6DCB4022DD98}.Release|Any CPU.ActiveCfg = Release|Any CPU
		{05F7A498-2E93-4E16-B2B4-6DCB4022DD98}.Release|Any CPU.Build.0 = Release|Any CPU
		{C422A5AC-BE9F-49A8-A8FD-1279F90135EE}.Debug|Any CPU.ActiveCfg = Debug|Any CPU
		{C422A5AC-BE9F-49A8-A8FD-1279F90135EE}.Debug|Any CPU.Build.0 = Debug|Any CPU
		{C422A5AC-BE9F-49A8-A8FD-1279F90135EE}.Release|Any CPU.ActiveCfg = Release|Any CPU
		{C422A5AC-BE9F-49A8-A8FD-1279F90135EE}.Release|Any CPU.Build.0 = Release|Any CPU
		{19AA90A2-3997-46B7-82A7-86C6E80FB67B}.Debug|Any CPU.ActiveCfg = Debug|Any CPU
		{19AA90A2-3997-46B7-82A7-86C6E80FB67B}.Debug|Any CPU.Build.0 = Debug|Any CPU
		{19AA90A2-3997-46B7-82A7-86C6E80FB67B}.Release|Any CPU.ActiveCfg = Release|Any CPU
		{19AA90A2-3997-46B7-82A7-86C6E80FB67B}.Release|Any CPU.Build.0 = Release|Any CPU
		{35602175-F12E-4D78-ABFE-653289988473}.Debug|Any CPU.ActiveCfg = Debug|Any CPU
		{35602175-F12E-4D78-ABFE-653289988473}.Debug|Any CPU.Build.0 = Debug|Any CPU
		{35602175-F12E-4D78-ABFE-653289988473}.Release|Any CPU.ActiveCfg = Release|Any CPU
		{35602175-F12E-4D78-ABFE-653289988473}.Release|Any CPU.Build.0 = Release|Any CPU
	EndGlobalSection
	GlobalSection(NestedProjects) = preSolution
		{05F7A498-2E93-4E16-B2B4-6DCB4022DD98} = {33B39EA0-D6EE-4B7D-8D66-082561F91FD8}
		{C422A5AC-BE9F-49A8-A8FD-1279F90135EE} = {938D2D2C-8CE9-46C2-8D1F-6563E622FA1D}
		{19AA90A2-3997-46B7-82A7-86C6E80FB67B} = {21EC4F66-7E21-43E9-A19E-79FFBE98AF91}
		{35602175-F12E-4D78-ABFE-653289988473} = {9F6F0D74-55D8-4509-AFDA-7C142D532D83}
	EndGlobalSection
EndGlobal
